{
  "version": 4,
  "terraform_version": "1.12.1",
  "serial": 120,
  "lineage": "08bf86e6-a02b-721e-6481-da4f46e8e01c",
  "outputs": {},
  "resources": [
    {
      "mode": "managed",
      "type": "yandex_iam_service_account",
      "name": "sa",
      "provider": "provider[\"registry.terraform.io/yandex-cloud/yandex\"]",
      "instances": [
        {
          "schema_version": 1,
          "attributes": {
            "created_at": "2026-04-08T08:34:25Z",
            "description": "",
            "folder_id": "b1glt1ekpsufq10uno48",
            "id": "ajeli100o52fofca9g0o",
            "labels": null,
            "name": "ig-sa",
            "service_account_id": "ajeli100o52fofca9g0o",
            "timeouts": null
          },
          "sensitive_attributes": [],
          "identity_schema_version": 0
        }
      ]
    },
    {
      "mode": "managed",
      "type": "yandex_vpc_network",
      "name": "network",
      "provider": "provider[\"registry.terraform.io/yandex-cloud/yandex\"]",
      "instances": [
        {
          "schema_version": 0,
          "attributes": {
            "created_at": "2026-04-08T08:13:06Z",
            "default_security_group_id": "enpqeqq708jg6j3apgsd",
            "description": "",
            "folder_id": "b1glt1ekpsufq10uno48",
            "id": "enpuj29pmi230jbj06i8",
            "labels": {},
            "name": "hw-network",
            "subnet_ids": [
              "e9bt7iovi751b9790tso",
              "e9bujiuhvadn7qa2o0n6"
            ],
            "timeouts": null
          },
          "sensitive_attributes": [],
          "identity_schema_version": 0,
          "private": "eyJlMmJmYjczMC1lY2FhLTExZTYtOGY4OC0zNDM2M2JjN2M0YzAiOnsiY3JlYXRlIjo2MDAwMDAwMDAwMCwiZGVsZXRlIjo2MDAwMDAwMDAwMCwidXBkYXRlIjo2MDAwMDAwMDAwMH19"
        }
      ]
    },
    {
      "mode": "managed",
      "type": "yandex_vpc_subnet",
      "name": "public",
      "provider": "provider[\"registry.terraform.io/yandex-cloud/yandex\"]",
      "instances": [
        {
          "schema_version": 0,
          "attributes": {
            "created_at": "2026-04-08T08:13:09Z",
            "description": "",
            "dhcp_options": [],
            "folder_id": "b1glt1ekpsufq10uno48",
            "id": "e9bt7iovi751b9790tso",
            "labels": {},
            "name": "public",
            "network_id": "enpuj29pmi230jbj06i8",
            "route_table_id": "",
            "timeouts": null,
            "v4_cidr_blocks": [
              "192.168.10.0/24"
            ],
            "v6_cidr_blocks": [],
            "zone": "ru-central1-a"
          },
          "sensitive_attributes": [],
          "identity_schema_version": 0,
          "private": "eyJlMmJmYjczMC1lY2FhLTExZTYtOGY4OC0zNDM2M2JjN2M0YzAiOnsiY3JlYXRlIjoxODAwMDAwMDAwMDAsImRlbGV0ZSI6MTgwMDAwMDAwMDAwLCJ1cGRhdGUiOjE4MDAwMDAwMDAwMH19",
          "dependencies": [
            "yandex_vpc_network.network"
          ]
        }
      ]
    }
  ],
  "check_results": null
}
