{
  "version": 4,
  "terraform_version": "1.12.1",
  "serial": 150,
  "lineage": "08bf86e6-a02b-721e-6481-da4f46e8e01c",
  "outputs": {},
  "resources": [
    {
      "mode": "managed",
      "type": "yandex_iam_service_account",
      "name": "sa",
      "provider": "provider[\"registry.terraform.io/yandex-cloud/yandex\"]",
      "instances": [
        {
          "schema_version": 1,
          "attributes": {
            "created_at": "2026-04-10T09:49:42Z",
            "description": "",
            "folder_id": "b1glt1ekpsufq10uno48",
            "id": "ajehag6n998snu5c1rco",
            "labels": null,
            "name": "ig-sa",
            "service_account_id": "ajehag6n998snu5c1rco",
            "timeouts": null
          },
          "sensitive_attributes": [],
          "identity_schema_version": 0
        }
      ]
    },
    {
      "mode": "managed",
      "type": "yandex_kms_symmetric_key",
      "name": "bucket_key",
      "provider": "provider[\"registry.terraform.io/yandex-cloud/yandex\"]",
      "instances": [
        {
          "schema_version": 1,
          "attributes": {
            "created_at": "2026-04-10T09:49:42Z",
            "default_algorithm": "AES_128",
            "deletion_protection": false,
            "description": "Key for bucket encryption",
            "folder_id": "b1glt1ekpsufq10uno48",
            "id": "abjeh61a01msbid8dqmh",
            "labels": null,
            "name": "bucket-key",
            "rotated_at": "1970-01-01T00:00:00Z",
            "rotation_period": "8760h",
            "status": "ACTIVE",
            "symmetric_key_id": "abjeh61a01msbid8dqmh",
            "timeouts": null
          },
          "sensitive_attributes": [],
          "identity_schema_version": 0
        }
      ]
    },
    {
      "mode": "managed",
      "type": "yandex_resourcemanager_folder_iam_member",
      "name": "compute_admin",
      "provider": "provider[\"registry.terraform.io/yandex-cloud/yandex\"]",
      "instances": [
        {
          "schema_version": 0,
          "attributes": {
            "folder_id": "b1glt1ekpsufq10uno48",
            "id": "b1glt1ekpsufq10uno48/compute.admin/serviceAccount:ajehag6n998snu5c1rco",
            "member": "serviceAccount:ajehag6n998snu5c1rco",
            "role": "compute.admin",
            "sleep_after": null
          },
          "sensitive_attributes": [],
          "identity_schema_version": 0,
          "dependencies": [
            "yandex_iam_service_account.sa"
          ]
        }
      ]
    },
    {
      "mode": "managed",
      "type": "yandex_resourcemanager_folder_iam_member",
      "name": "iam_user",
      "provider": "provider[\"registry.terraform.io/yandex-cloud/yandex\"]",
      "instances": [
        {
          "schema_version": 0,
          "attributes": {
            "folder_id": "b1glt1ekpsufq10uno48",
            "id": "b1glt1ekpsufq10uno48/iam.serviceAccounts.user/serviceAccount:ajehag6n998snu5c1rco",
            "member": "serviceAccount:ajehag6n998snu5c1rco",
            "role": "iam.serviceAccounts.user",
            "sleep_after": null
          },
          "sensitive_attributes": [],
          "identity_schema_version": 0,
          "dependencies": [
            "yandex_iam_service_account.sa"
          ]
        }
      ]
    },
    {
      "mode": "managed",
      "type": "yandex_resourcemanager_folder_iam_member",
      "name": "vpc_user",
      "provider": "provider[\"registry.terraform.io/yandex-cloud/yandex\"]",
      "instances": [
        {
          "schema_version": 0,
          "attributes": {
            "folder_id": "b1glt1ekpsufq10uno48",
            "id": "b1glt1ekpsufq10uno48/vpc.user/serviceAccount:ajehag6n998snu5c1rco",
            "member": "serviceAccount:ajehag6n998snu5c1rco",
            "role": "vpc.user",
            "sleep_after": null
          },
          "sensitive_attributes": [],
          "identity_schema_version": 0,
          "dependencies": [
            "yandex_iam_service_account.sa"
          ]
        }
      ]
    },
    {
      "mode": "managed",
      "type": "yandex_storage_bucket",
      "name": "bucket",
      "provider": "provider[\"registry.terraform.io/yandex-cloud/yandex\"]",
      "instances": [
        {
          "schema_version": 1,
          "attributes": {
            "access_key": null,
            "acl": "public-read",
            "anonymous_access_flags": [
              {
                "config_read": true,
                "list": true,
                "read": true
              }
            ],
            "bucket": "student-bucket-71dzhinozfl",
            "bucket_domain_name": "student-bucket-71dzhinozfl.storage.yandexcloud.net",
            "bucket_prefix": null,
            "cors_rule": [],
            "default_storage_class": "STANDARD",
            "disabled_statickey_auth": false,
            "folder_id": "b1glt1ekpsufq10uno48",
            "force_destroy": false,
            "grant": [],
            "https": [],
            "id": "student-bucket-71dzhinozfl",
            "lifecycle_rule": [],
            "logging": [],
            "max_size": 0,
            "object_lock_configuration": [],
            "policy": "",
            "secret_key": null,
            "server_side_encryption_configuration": [],
            "tags": {},
            "versioning": [
              {
                "enabled": false
              }
            ],
            "website": [
              {
                "error_document": "",
                "index_document": "index.html",
                "redirect_all_requests_to": "",
                "routing_rules": ""
              }
            ],
            "website_domain": "website.yandexcloud.net",
            "website_endpoint": "student-bucket-71dzhinozfl.website.yandexcloud.net"
          },
          "sensitive_attributes": [
            [
              {
                "type": "get_attr",
                "value": "secret_key"
              }
            ]
          ],
          "identity_schema_version": 0,
          "private": "eyJzY2hlbWFfdmVyc2lvbiI6IjEifQ=="
        }
      ]
    },
    {
      "mode": "managed",
      "type": "yandex_storage_object",
      "name": "image",
      "provider": "provider[\"registry.terraform.io/yandex-cloud/yandex\"]",
      "instances": [
        {
          "schema_version": 0,
          "attributes": {
            "access_key": null,
            "acl": "public-read",
            "bucket": "student-bucket-71dzhinozfl",
            "content": null,
            "content_base64": null,
            "content_type": "application/octet-stream",
            "id": "71dZHINOZFL.jpg",
            "key": "71dZHINOZFL.jpg",
            "object_lock_legal_hold_status": null,
            "object_lock_mode": null,
            "object_lock_retain_until_date": null,
            "secret_key": null,
            "source": "./71dZHINOZFL.jpg",
            "source_hash": null,
            "tags": {}
          },
          "sensitive_attributes": [
            [
              {
                "type": "get_attr",
                "value": "secret_key"
              }
            ]
          ],
          "identity_schema_version": 0,
          "private": "bnVsbA==",
          "dependencies": [
            "yandex_storage_bucket.bucket"
          ]
        }
      ]
    },
    {
      "mode": "managed",
      "type": "yandex_storage_object",
      "name": "index",
      "provider": "provider[\"registry.terraform.io/yandex-cloud/yandex\"]",
      "instances": [
        {
          "schema_version": 0,
          "attributes": {
            "access_key": null,
            "acl": "public-read",
            "bucket": "student-bucket-71dzhinozfl",
            "content": null,
            "content_base64": null,
            "content_type": "application/octet-stream",
            "id": "index.html",
            "key": "index.html",
            "object_lock_legal_hold_status": null,
            "object_lock_mode": null,
            "object_lock_retain_until_date": null,
            "secret_key": null,
            "source": "./index.html",
            "source_hash": null,
            "tags": null
          },
          "sensitive_attributes": [
            [
              {
                "type": "get_attr",
                "value": "secret_key"
              }
            ]
          ],
          "identity_schema_version": 0,
          "private": "bnVsbA==",
          "dependencies": [
            "yandex_storage_bucket.bucket"
          ]
        }
      ]
    },
    {
      "mode": "managed",
      "type": "yandex_vpc_network",
      "name": "network",
      "provider": "provider[\"registry.terraform.io/yandex-cloud/yandex\"]",
      "instances": [
        {
          "schema_version": 0,
          "attributes": {
            "created_at": "2026-04-10T09:49:42Z",
            "default_security_group_id": "enpvmkrc1lmbch5ah5vk",
            "description": "",
            "folder_id": "b1glt1ekpsufq10uno48",
            "id": "enpmns36lrrnm3a59a2r",
            "labels": {},
            "name": "hw-network",
            "subnet_ids": [
              "e9bo944gsk3fk1v2bsu2"
            ],
            "timeouts": null
          },
          "sensitive_attributes": [],
          "identity_schema_version": 0,
          "private": "eyJlMmJmYjczMC1lY2FhLTExZTYtOGY4OC0zNDM2M2JjN2M0YzAiOnsiY3JlYXRlIjo2MDAwMDAwMDAwMCwiZGVsZXRlIjo2MDAwMDAwMDAwMCwidXBkYXRlIjo2MDAwMDAwMDAwMH19"
        }
      ]
    },
    {
      "mode": "managed",
      "type": "yandex_vpc_subnet",
      "name": "public",
      "provider": "provider[\"registry.terraform.io/yandex-cloud/yandex\"]",
      "instances": [
        {
          "schema_version": 0,
          "attributes": {
            "created_at": "2026-04-10T09:49:44Z",
            "description": "",
            "dhcp_options": [],
            "folder_id": "b1glt1ekpsufq10uno48",
            "id": "e9bo944gsk3fk1v2bsu2",
            "labels": {},
            "name": "public",
            "network_id": "enpmns36lrrnm3a59a2r",
            "route_table_id": "",
            "timeouts": null,
            "v4_cidr_blocks": [
              "192.168.10.0/24"
            ],
            "v6_cidr_blocks": [],
            "zone": "ru-central1-a"
          },
          "sensitive_attributes": [],
          "identity_schema_version": 0,
          "private": "eyJlMmJmYjczMC1lY2FhLTExZTYtOGY4OC0zNDM2M2JjN2M0YzAiOnsiY3JlYXRlIjoxODAwMDAwMDAwMDAsImRlbGV0ZSI6MTgwMDAwMDAwMDAwLCJ1cGRhdGUiOjE4MDAwMDAwMDAwMH19",
          "dependencies": [
            "yandex_vpc_network.network"
          ]
        }
      ]
    }
  ],
  "check_results": null
}
